
Microsoft Visual Studio Solution File, Format Version 11.00
# Visual Studio 2010
Project("{FAE04EC0-301F-11D3-BF4B-00C04F79EFBC}") = "Zolfaghar110", "Assembly-CSharp.csproj", "{AB6D847E-525A-010B-35C3-F9CAF755543F}"
EndProject
Project("{FAE04EC0-301F-11D3-BF4B-00C04F79EFBC}") = "Zolfaghar110", "Assembly-CSharp-Editor.csproj", "{B942903B-F933-C269-A8E1-1D363141E001}"
EndProject
Global
	GlobalSection(SolutionConfigurationPlatforms) = preSolution
		Debug|Any CPU = Debug|Any CPU
		Release|Any CPU = Release|Any CPU
	EndGlobalSection
	GlobalSection(ProjectConfigurationPlatforms) = postSolution
		{AB6D847E-525A-010B-35C3-F9CAF755543F}.Debug|Any CPU.ActiveCfg = Debug|Any CPU
		{AB6D847E-525A-010B-35C3-F9CAF755543F}.Debug|Any CPU.Build.0 = Debug|Any CPU
		{AB6D847E-525A-010B-35C3-F9CAF755543F}.Release|Any CPU.ActiveCfg = Release|Any CPU
		{AB6D847E-525A-010B-35C3-F9CAF755543F}.Release|Any CPU.Build.0 = Release|Any CPU
		{B942903B-F933-C269-A8E1-1D363141E001}.Debug|Any CPU.ActiveCfg = Debug|Any CPU
		{B942903B-F933-C269-A8E1-1D363141E001}.Debug|Any CPU.Build.0 = Debug|Any CPU
		{B942903B-F933-C269-A8E1-1D363141E001}.Release|Any CPU.ActiveCfg = Release|Any CPU
		{B942903B-F933-C269-A8E1-1D363141E001}.Release|Any CPU.Build.0 = Release|Any CPU
	EndGlobalSection
	GlobalSection(SolutionProperties) = preSolution
		HideSolutionNode = FALSE
	EndGlobalSection
	GlobalSection(MonoDevelopProperties) = preSolution
		StartupItem = Assembly-CSharp.csproj
	EndGlobalSection
EndGlobal
